// !$*UTF8*$!
{
	archiveVersion = 1;
	classes = {
	};
	objectVersion = 48;
	objects = {

/* Begin PBXBuildFile section */
		D0CF9938208AF110001EAD30 /* HomeViewController.swift in Sources */ = {isa = PBXBuildFile; fileRef = D0CF9937208AF110001EAD30 /* HomeViewController.swift */; };
		D0CF993A208AF189001EAD30 /* DictionaryViewController.swift in Sources */ = {isa = PBXBuildFile; fileRef = D0CF9939208AF189001EAD30 /* DictionaryViewController.swift */; };
		D0CF993E208B156E001EAD30 /* EditTextViewController.swift in Sources */ = {isa = PBXBuildFile; fileRef = D0CF993D208B156E001EAD30 /* EditTextViewController.swift */; };
		D0D58563208170B1004DF5E5 /* AppDelegate.swift in Sources */ = {isa = PBXBuildFile; fileRef = D0D58562208170B1004DF5E5 /* AppDelegate.swift */; };
		D0D58565208170B1004DF5E5 /* art.scnassets in Resources */ = {isa = PBXBuildFile; fileRef = D0D58564208170B1004DF5E5 /* art.scnassets */; };
		D0D58567208170B1004DF5E5 /* MainViewController.swift in Sources */ = {isa = PBXBuildFile; fileRef = D0D58566208170B1004DF5E5 /* MainViewController.swift */; };
		D0D5856A208170B1004DF5E5 /* Main.storyboard in Resources */ = {isa = PBXBuildFile; fileRef = D0D58568208170B1004DF5E5 /* Main.storyboard */; };
		D0D5856C208170B1004DF5E5 /* Assets.xcassets in Resources */ = {isa = PBXBuildFile; fileRef = D0D5856B208170B1004DF5E5 /* Assets.xcassets */; };
		D0D5856F208170B1004DF5E5 /* LaunchScreen.storyboard in Resources */ = {isa = PBXBuildFile; fileRef = D0D5856D208170B1004DF5E5 /* LaunchScreen.storyboard */; };
		D0D5857A208170B1004DF5E5 /* islaTests.swift in Sources */ = {isa = PBXBuildFile; fileRef = D0D58579208170B1004DF5E5 /* islaTests.swift */; };
		D0D58585208170B1004DF5E5 /* islaUITests.swift in Sources */ = {isa = PBXBuildFile; fileRef = D0D58584208170B1004DF5E5 /* islaUITests.swift */; };
		E954146C208D2318008279FC /* Inceptionv3.mlmodel in Sources */ = {isa = PBXBuildFile; fileRef = E954146B208D2318008279FC /* Inceptionv3.mlmodel */; };
/* End PBXBuildFile section */

/* Begin PBXContainerItemProxy section */
		D0D58576208170B1004DF5E5 /* PBXContainerItemProxy */ = {
			isa = PBXContainerItemProxy;
			containerPortal = D0D58557208170B1004DF5E5 /* Project object */;
			proxyType = 1;
			remoteGlobalIDString = D0D5855E208170B1004DF5E5;
			remoteInfo = isla;
		};
		D0D58581208170B1004DF5E5 /* PBXContainerItemProxy */ = {
			isa = PBXContainerItemProxy;
			containerPortal = D0D58557208170B1004DF5E5 /* Project object */;
			proxyType = 1;
			remoteGlobalIDString = D0D5855E208170B1004DF5E5;
			remoteInfo = isla;
		};
/* End PBXContainerItemProxy section */

/* Begin PBXFileReference section */
		D0CF9937208AF110001EAD30 /* HomeViewController.swift */ = {isa = PBXFileReference; lastKnownFileType = sourcecode.swift; path = HomeViewController.swift; sourceTree = "<group>"; };
		D0CF9939208AF189001EAD30 /* DictionaryViewController.swift */ = {isa = PBXFileReference; lastKnownFileType = sourcecode.swift; path = DictionaryViewController.swift; sourceTree = "<group>"; };
		D0CF993D208B156E001EAD30 /* EditTextViewController.swift */ = {isa = PBXFileReference; lastKnownFileType = sourcecode.swift; path = EditTextViewController.swift; sourceTree = "<group>"; };
		D0D5855F208170B1004DF5E5 /* isla.app */ = {isa = PBXFileReference; explicitFileType = wrapper.application; includeInIndex = 0; path = isla.app; sourceTree = BUILT_PRODUCTS_DIR; };
		D0D58562208170B1004DF5E5 /* AppDelegate.swift */ = {isa = PBXFileReference; lastKnownFileType = sourcecode.swift; path = AppDelegate.swift; sourceTree = "<group>"; };
		D0D58564208170B1004DF5E5 /* art.scnassets */ = {isa = PBXFileReference; lastKnownFileType = wrapper.scnassets; path = art.scnassets; sourceTree = "<group>"; };
		D0D58566208170B1004DF5E5 /* MainViewController.swift */ = {isa = PBXFileReference; lastKnownFileType = sourcecode.swift; path = MainViewController.swift; sourceTree = "<group>"; };
		D0D58569208170B1004DF5E5 /* Base */ = {isa = PBXFileReference; lastKnownFileType = file.storyboard; name = Base; path = Base.lproj/Main.storyboard; sourceTree = "<group>"; };
		D0D5856B208170B1004DF5E5 /* Assets.xcassets */ = {isa = PBXFileReference; lastKnownFileType = folder.assetcatalog; path = Assets.xcassets; sourceTree = "<group>"; };
		D0D5856E208170B1004DF5E5 /* Base */ = {isa = PBXFileReference; lastKnownFileType = file.storyboard; name = Base; path = Base.lproj/LaunchScreen.storyboard; sourceTree = "<group>"; };
		D0D58570208170B1004DF5E5 /* Info.plist */ = {isa = PBXFileReference; lastKnownFileType = text.plist.xml; path = Info.plist; sourceTree = "<group>"; };
		D0D58575208170B1004DF5E5 /* islaTests.xctest */ = {isa = PBXFileReference; explicitFileType = wrapper.cfbundle; includeInIndex = 0; path = islaTests.xctest; sourceTree = BUILT_PRODUCTS_DIR; };
		D0D58579208170B1004DF5E5 /* islaTests.swift */ = {isa = PBXFileReference; lastKnownFileType = sourcecode.swift; path = islaTests.swift; sourceTree = "<group>"; };
		D0D5857B208170B1004DF5E5 /* Info.plist */ = {isa = PBXFileReference; lastKnownFileType = text.plist.xml; path = Info.plist; sourceTree = "<group>"; };
		D0D58580208170B1004DF5E5 /* islaUITests.xctest */ = {isa = PBXFileReference; explicitFileType = wrapper.cfbundle; includeInIndex = 0; path = islaUITests.xctest; sourceTree = BUILT_PRODUCTS_DIR; };
		D0D58584208170B1004DF5E5 /* islaUITests.swift */ = {isa = PBXFileReference; lastKnownFileType = sourcecode.swift; path = islaUITests.swift; sourceTree = "<group>"; };
		D0D58586208170B1004DF5E5 /* Info.plist */ = {isa = PBXFileReference; lastKnownFileType = text.plist.xml; path = Info.plist; sourceTree = "<group>"; };
		E954146B208D2318008279FC /* Inceptionv3.mlmodel */ = {isa = PBXFileReference; lastKnownFileType = file.mlmodel; path = Inceptionv3.mlmodel; sourceTree = "<group>"; };
/* End PBXFileReference section */

/* Begin PBXFrameworksBuildPhase section */
		D0D5855C208170B1004DF5E5 /* Frameworks */ = {
			isa = PBXFrameworksBuildPhase;
			buildActionMask = 2147483647;
			files = (
			);
			runOnlyForDeploymentPostprocessing = 0;
		};
		D0D58572208170B1004DF5E5 /* Frameworks */ = {
			isa = PBXFrameworksBuildPhase;
			buildActionMask = 2147483647;
			files = (
			);
			runOnlyForDeploymentPostprocessing = 0;
		};
		D0D5857D208170B1004DF5E5 /* Frameworks */ = {
			isa = PBXFrameworksBuildPhase;
			buildActionMask = 2147483647;
			files = (
			);
			runOnlyForDeploymentPostprocessing = 0;
		};
/* End PBXFrameworksBuildPhase section */

/* Begin PBXGroup section */
		D0D58556208170B1004DF5E5 = {
			isa = PBXGroup;
			children = (
				D0D58561208170B1004DF5E5 /* isla */,
				D0D58578208170B1004DF5E5 /* islaTests */,
				D0D58583208170B1004DF5E5 /* islaUITests */,
				D0D58560208170B1004DF5E5 /* Products */,
			);
			sourceTree = "<group>";
		};
		D0D58560208170B1004DF5E5 /* Products */ = {
			isa = PBXGroup;
			children = (
				D0D5855F208170B1004DF5E5 /* isla.app */,
				D0D58575208170B1004DF5E5 /* islaTests.xctest */,
				D0D58580208170B1004DF5E5 /* islaUITests.xctest */,
			);
			name = Products;
			sourceTree = "<group>";
		};
		D0D58561208170B1004DF5E5 /* isla */ = {
			isa = PBXGroup;
			children = (
				D0D58562208170B1004DF5E5 /* AppDelegate.swift */,
				D0D58564208170B1004DF5E5 /* art.scnassets */,
				D0D58566208170B1004DF5E5 /* MainViewController.swift */,
				D0CF993D208B156E001EAD30 /* EditTextViewController.swift */,
				D0D58568208170B1004DF5E5 /* Main.storyboard */,
				D0CF9939208AF189001EAD30 /* DictionaryViewController.swift */,
				D0CF9937208AF110001EAD30 /* HomeViewController.swift */,
				D0D5856B208170B1004DF5E5 /* Assets.xcassets */,
				D0D5856D208170B1004DF5E5 /* LaunchScreen.storyboard */,
				D0D58570208170B1004DF5E5 /* Info.plist */,
				E954146B208D2318008279FC /* Inceptionv3.mlmodel */,
			);
			path = isla;
			sourceTree = "<group>";
		};
		D0D58578208170B1004DF5E5 /* islaTests */ = {
			isa = PBXGroup;
			children = (
				D0D58579208170B1004DF5E5 /* islaTests.swift */,
				D0D5857B208170B1004DF5E5 /* Info.plist */,
			);
			path = islaTests;
			sourceTree = "<group>";
		};
		D0D58583208170B1004DF5E5 /* islaUITests */ = {
			isa = PBXGroup;
			children = (
				D0D58584208170B1004DF5E5 /* islaUITests.swift */,
				D0D58586208170B1004DF5E5 /* Info.plist */,
			);
			path = islaUITests;
			sourceTree = "<group>";
		};
/* End PBXGroup section */

/* Begin PBXNativeTarget section */
		D0D5855E208170B1004DF5E5 /* isla */ = {
			isa = PBXNativeTarget;
			buildConfigurationList = D0D58589208170B1004DF5E5 /* Build configuration list for PBXNativeTarget "isla" */;
			buildPhases = (
				D0D5855B208170B1004DF5E5 /* Sources */,
				D0D5855C208170B1004DF5E5 /* Frameworks */,
				D0D5855D208170B1004DF5E5 /* Resources */,
			);
			buildRules = (
			);
			dependencies = (
			);
			name = isla;
			productName = isla;
			productReference = D0D5855F208170B1004DF5E5 /* isla.app */;
			productType = "com.apple.product-type.application";
		};
		D0D58574208170B1004DF5E5 /* islaTests */ = {
			isa = PBXNativeTarget;
			buildConfigurationList = D0D5858C208170B1004DF5E5 /* Build configuration list for PBXNativeTarget "islaTests" */;
			buildPhases = (
				D0D58571208170B1004DF5E5 /* Sources */,
				D0D58572208170B1004DF5E5 /* Frameworks */,
				D0D58573208170B1004DF5E5 /* Resources */,
			);
			buildRules = (
			);
			dependencies = (
				D0D58577208170B1004DF5E5 /* PBXTargetDependency */,
			);
			name = islaTests;
			productName = islaTests;
			productReference = D0D58575208170B1004DF5E5 /* islaTests.xctest */;
			productType = "com.apple.product-type.bundle.unit-test";
		};
		D0D5857F208170B1004DF5E5 /* islaUITests */ = {
			isa = PBXNativeTarget;
			buildConfigurationList = D0D5858F208170B1004DF5E5 /* Build configuration list for PBXNativeTarget "islaUITests" */;
			buildPhases = (
				D0D5857C208170B1004DF5E5 /* Sources */,
				D0D5857D208170B1004DF5E5 /* Frameworks */,
				D0D5857E208170B1004DF5E5 /* Resources */,
			);
			buildRules = (
			);
			dependencies = (
				D0D58582208170B1004DF5E5 /* PBXTargetDependency */,
			);
			name = islaUITests;
			productName = islaUITests;
			productReference = D0D58580208170B1004DF5E5 /* islaUITests.xctest */;
			productType = "com.apple.product-type.bundle.ui-testing";
		};
/* End PBXNativeTarget section */

/* Begin PBXProject section */
		D0D58557208170B1004DF5E5 /* Project object */ = {
			isa = PBXProject;
			attributes = {
				LastSwiftUpdateCheck = 0920;
				LastUpgradeCheck = 0920;
				ORGANIZATIONNAME = nyu.edu;
				TargetAttributes = {
					D0D5855E208170B1004DF5E5 = {
						CreatedOnToolsVersion = 9.2;
						ProvisioningStyle = Automatic;
					};
					D0D58574208170B1004DF5E5 = {
						CreatedOnToolsVersion = 9.2;
						ProvisioningStyle = Automatic;
						TestTargetID = D0D5855E208170B1004DF5E5;
					};
					D0D5857F208170B1004DF5E5 = {
						CreatedOnToolsVersion = 9.2;
						ProvisioningStyle = Automatic;
						TestTargetID = D0D5855E208170B1004DF5E5;
					};
				};
			};
			buildConfigurationList = D0D5855A208170B1004DF5E5 /* Build configuration list for PBXProject "isla" */;
			compatibilityVersion = "Xcode 8.0";
			developmentRegion = en;
			hasScannedForEncodings = 0;
			knownRegions = (
				en,
				Base,
			);
			mainGroup = D0D58556208170B1004DF5E5;
			productRefGroup = D0D58560208170B1004DF5E5 /* Products */;
			projectDirPath = "";
			projectRoot = "";
			targets = (
				D0D5855E208170B1004DF5E5 /* isla */,
				D0D58574208170B1004DF5E5 /* islaTests */,
				D0D5857F208170B1004DF5E5 /* islaUITests */,
			);
		};
/* End PBXProject section */

/* Begin PBXResourcesBuildPhase section */
		D0D5855D208170B1004DF5E5 /* Resources */ = {
			isa = PBXResourcesBuildPhase;
			buildActionMask = 2147483647;
			files = (
				D0D58565208170B1004DF5E5 /* art.scnassets in Resources */,
				D0D5856F208170B1004DF5E5 /* LaunchScreen.storyboard in Resources */,
				D0D5856C208170B1004DF5E5 /* Assets.xcassets in Resources */,
				D0D5856A208170B1004DF5E5 /* Main.storyboard in Resources */,
			);
			runOnlyForDeploymentPostprocessing = 0;
		};
		D0D58573208170B1004DF5E5 /* Resources */ = {
			isa = PBXResourcesBuildPhase;
			buildActionMask = 2147483647;
			files = (
			);
			runOnlyForDeploymentPostprocessing = 0;
		};
		D0D5857E208170B1004DF5E5 /* Resources */ = {
			isa = PBXResourcesBuildPhase;
			buildActionMask = 2147483647;
			files = (
			);
			runOnlyForDeploymentPostprocessing = 0;
		};
/* End PBXResourcesBuildPhase section */

/* Begin PBXSourcesBuildPhase section */
		D0D5855B208170B1004DF5E5 /* Sources */ = {
			isa = PBXSourcesBuildPhase;
			buildActionMask = 2147483647;
			files = (
				D0CF993A208AF189001EAD30 /* DictionaryViewController.swift in Sources */,
				D0CF993E208B156E001EAD30 /* EditTextViewController.swift in Sources */,
				D0D58567208170B1004DF5E5 /* MainViewController.swift in Sources */,
				D0D58563208170B1004DF5E5 /* AppDelegate.swift in Sources */,
				D0CF9938208AF110001EAD30 /* HomeViewController.swift in Sources */,
				E954146C208D2318008279FC /* Inceptionv3.mlmodel in Sources */,
			);
			runOnlyForDeploymentPostprocessing = 0;
		};
		D0D58571208170B1004DF5E5 /* Sources */ = {
			isa = PBXSourcesBuildPhase;
			buildActionMask = 2147483647;
			files = (
				D0D5857A208170B1004DF5E5 /* islaTests.swift in Sources */,
			);
			runOnlyForDeploymentPostprocessing = 0;
		};
		D0D5857C208170B1004DF5E5 /* Sources */ = {
			isa = PBXSourcesBuildPhase;
			buildActionMask = 2147483647;
			files = (
				D0D58585208170B1004DF5E5 /* islaUITests.swift in Sources */,
			);
			runOnlyForDeploymentPostprocessing = 0;
		};
/* End PBXSourcesBuildPhase section */

/* Begin PBXTargetDependency section */
		D0D58577208170B1004DF5E5 /* PBXTargetDependency */ = {
			isa = PBXTargetDependency;
			target = D0D5855E208170B1004DF5E5 /* isla */;
			targetProxy = D0D58576208170B1004DF5E5 /* PBXContainerItemProxy */;
		};
		D0D58582208170B1004DF5E5 /* PBXTargetDependency */ = {
			isa = PBXTargetDependency;
			target = D0D5855E208170B1004DF5E5 /* isla */;
			targetProxy = D0D58581208170B1004DF5E5 /* PBXContainerItemProxy */;
		};
/* End PBXTargetDependency section */

/* Begin PBXVariantGroup section */
		D0D58568208170B1004DF5E5 /* Main.storyboard */ = {
			isa = PBXVariantGroup;
			children = (
				D0D58569208170B1004DF5E5 /* Base */,
			);
			name = Main.storyboard;
			sourceTree = "<group>";
		};
		D0D5856D208170B1004DF5E5 /* LaunchScreen.storyboard */ = {
			isa = PBXVariantGroup;
			children = (
				D0D5856E208170B1004DF5E5 /* Base */,
			);
			name = LaunchScreen.storyboard;
			sourceTree = "<group>";
		};
/* End PBXVariantGroup section */

/* Begin XCBuildConfiguration section */
		D0D58587208170B1004DF5E5 /* Debug */ = {
			isa = XCBuildConfiguration;
			buildSettings = {
				ALWAYS_SEARCH_USER_PATHS = NO;
				CLANG_ANALYZER_NONNULL = YES;
				CLANG_ANALYZER_NUMBER_OBJECT_CONVERSION = YES_AGGRESSIVE;
				CLANG_CXX_LANGUAGE_STANDARD = "gnu++14";
				CLANG_CXX_LIBRARY = "libc++";
				CLANG_ENABLE_MODULES = YES;
				CLANG_ENABLE_OBJC_ARC = YES;
				CLANG_WARN_BLOCK_CAPTURE_AUTORELEASING = YES;
				CLANG_WARN_BOOL_CONVERSION = YES;
				CLANG_WARN_COMMA = YES;
				CLANG_WARN_CONSTANT_CONVERSION = YES;
				CLANG_WARN_DIRECT_OBJC_ISA_USAGE = YES_ERROR;
				CLANG_WARN_DOCUMENTATION_COMMENTS = YES;
				CLANG_WARN_EMPTY_BODY = YES;
				CLANG_WARN_ENUM_CONVERSION = YES;
				CLANG_WARN_INFINITE_RECURSION = YES;
				CLANG_WARN_INT_CONVERSION = YES;
				CLANG_WARN_NON_LITERAL_NULL_CONVERSION = YES;
				CLANG_WARN_OBJC_LITERAL_CONVERSION = YES;
				CLANG_WARN_OBJC_ROOT_CLASS = YES_ERROR;
				CLANG_WARN_RANGE_LOOP_ANALYSIS = YES;
				CLANG_WARN_STRICT_PROTOTYPES = YES;
				CLANG_WARN_SUSPICIOUS_MOVE = YES;
				CLANG_WARN_UNGUARDED_AVAILABILITY = YES_AGGRESSIVE;
				CLANG_WARN_UNREACHABLE_CODE = YES;
				CLANG_WARN__DUPLICATE_METHOD_MATCH = YES;
				CODE_SIGN_IDENTITY = "iPhone Developer";
				COPY_PHASE_STRIP = NO;
				DEBUG_INFORMATION_FORMAT = dwarf;
				ENABLE_STRICT_OBJC_MSGSEND = YES;
				ENABLE_TESTABILITY = YES;
				GCC_C_LANGUAGE_STANDARD = gnu11;
				GCC_DYNAMIC_NO_PIC = NO;
				GCC_NO_COMMON_BLOCKS = YES;
				GCC_OPTIMIZATION_LEVEL = 0;
				GCC_PREPROCESSOR_DEFINITIONS = (
					"DEBUG=1",
					"$(inherited)",
				);
				GCC_WARN_64_TO_32_BIT_CONVERSION = YES;
				GCC_WARN_ABOUT_RETURN_TYPE = YES_ERROR;
				GCC_WARN_UNDECLARED_SELECTOR = YES;
				GCC_WARN_UNINITIALIZED_AUTOS = YES_AGGRESSIVE;
				GCC_WARN_UNUSED_FUNCTION = YES;
				GCC_WARN_UNUSED_VARIABLE = YES;
				IPHONEOS_DEPLOYMENT_TARGET = 11.2;
				MTL_ENABLE_DEBUG_INFO = YES;
				ONLY_ACTIVE_ARCH = YES;
				SDKROOT = iphoneos;
				SWIFT_ACTIVE_COMPILATION_CONDITIONS = DEBUG;
				SWIFT_OPTIMIZATION_LEVEL = "-Onone";
			};
			name = Debug;
		};
		D0D58588208170B1004DF5E5 /* Release */ = {
			isa = XCBuildConfiguration;
			buildSettings = {
				ALWAYS_SEARCH_USER_PATHS = NO;
				CLANG_ANALYZER_NONNULL = YES;
				CLANG_ANALYZER_NUMBER_OBJECT_CONVERSION = YES_AGGRESSIVE;
				CLANG_CXX_LANGUAGE_STANDARD = "gnu++14";
				CLANG_CXX_LIBRARY = "libc++";
				CLANG_ENABLE_MODULES = YES;
				CLANG_ENABLE_OBJC_ARC = YES;
				CLANG_WARN_BLOCK_CAPTURE_AUTORELEASING = YES;
				CLANG_WARN_BOOL_CONVERSION = YES;
				CLANG_WARN_COMMA = YES;
				CLANG_WARN_CONSTANT_CONVERSION = YES;
				CLANG_WARN_DIRECT_OBJC_ISA_USAGE = YES_ERROR;
				CLANG_WARN_DOCUMENTATION_COMMENTS = YES;
				CLANG_WARN_EMPTY_BODY = YES;
				CLANG_WARN_ENUM_CONVERSION = YES;
				CLANG_WARN_INFINITE_RECURSION = YES;
				CLANG_WARN_INT_CONVERSION = YES;
				CLANG_WARN_NON_LITERAL_NULL_CONVERSION = YES;
				CLANG_WARN_OBJC_LITERAL_CONVERSION = YES;
				CLANG_WARN_OBJC_ROOT_CLASS = YES_ERROR;
				CLANG_WARN_RANGE_LOOP_ANALYSIS = YES;
				CLANG_WARN_STRICT_PROTOTYPES = YES;
				CLANG_WARN_SUSPICIOUS_MOVE = YES;
				CLANG_WARN_UNGUARDED_AVAILABILITY = YES_AGGRESSIVE;
				CLANG_WARN_UNREACHABLE_CODE = YES;
				CLANG_WARN__DUPLICATE_METHOD_MATCH = YES;
				CODE_SIGN_IDENTITY = "iPhone Developer";
				COPY_PHASE_STRIP = NO;
				DEBUG_INFORMATION_FORMAT = "dwarf-with-dsym";
				ENABLE_NS_ASSERTIONS = NO;
				ENABLE_STRICT_OBJC_MSGSEND = YES;
				GCC_C_LANGUAGE_STANDARD = gnu11;
				GCC_NO_COMMON_BLOCKS = YES;
				GCC_WARN_64_TO_32_BIT_CONVERSION = YES;
				GCC_WARN_ABOUT_RETURN_TYPE = YES_ERROR;
				GCC_WARN_UNDECLARED_SELECTOR = YES;
				GCC_WARN_UNINITIALIZED_AUTOS = YES_AGGRESSIVE;
				GCC_WARN_UNUSED_FUNCTION = YES;
				GCC_WARN_UNUSED_VARIABLE = YES;
				IPHONEOS_DEPLOYMENT_TARGET = 11.2;
				MTL_ENABLE_DEBUG_INFO = NO;
				SDKROOT = iphoneos;
				SWIFT_OPTIMIZATION_LEVEL = "-Owholemodule";
				VALIDATE_PRODUCT = YES;
			};
			name = Release;
		};
		D0D5858A208170B1004DF5E5 /* Debug */ = {
			isa = XCBuildConfiguration;
			buildSettings = {
				ASSETCATALOG_COMPILER_APPICON_NAME = AppIcon;
				CODE_SIGN_STYLE = Automatic;
				DEVELOPMENT_TEAM = BQ259KN77Z;
				INFOPLIST_FILE = isla/Info.plist;
				LD_RUNPATH_SEARCH_PATHS = "$(inherited) @executable_path/Frameworks";
				PRODUCT_BUNDLE_IDENTIFIER = com.AlexanderLim.isla;
				PRODUCT_NAME = "$(TARGET_NAME)";
				SWIFT_VERSION = 4.0;
				TARGETED_DEVICE_FAMILY = "1,2";
			};
			name = Debug;
		};
		D0D5858B208170B1004DF5E5 /* Release */ = {
			isa = XCBuildConfiguration;
			buildSettings = {
				ASSETCATALOG_COMPILER_APPICON_NAME = AppIcon;
				CODE_SIGN_STYLE = Automatic;
				DEVELOPMENT_TEAM = BQ259KN77Z;
				INFOPLIST_FILE = isla/Info.plist;
				LD_RUNPATH_SEARCH_PATHS = "$(inherited) @executable_path/Frameworks";
				PRODUCT_BUNDLE_IDENTIFIER = com.AlexanderLim.isla;
				PRODUCT_NAME = "$(TARGET_NAME)";
				SWIFT_VERSION = 4.0;
				TARGETED_DEVICE_FAMILY = "1,2";
			};
			name = Release;
		};
		D0D5858D208170B1004DF5E5 /* Debug */ = {
			isa = XCBuildConfiguration;
			buildSettings = {
				ALWAYS_EMBED_SWIFT_STANDARD_LIBRARIES = YES;
				BUNDLE_LOADER = "$(TEST_HOST)";
				CODE_SIGN_STYLE = Automatic;
				DEVELOPMENT_TEAM = BQ259KN77Z;
				INFOPLIST_FILE = islaTests/Info.plist;
				LD_RUNPATH_SEARCH_PATHS = "$(inherited) @executable_path/Frameworks @loader_path/Frameworks";
				PRODUCT_BUNDLE_IDENTIFIER = com.AlexanderLim.islaTests;
				PRODUCT_NAME = "$(TARGET_NAME)";
				SWIFT_VERSION = 4.0;
				TARGETED_DEVICE_FAMILY = "1,2";
				TEST_HOST = "$(BUILT_PRODUCTS_DIR)/isla.app/isla";
			};
			name = Debug;
		};
		D0D5858E208170B1004DF5E5 /* Release */ = {
			isa = XCBuildConfiguration;
			buildSettings = {
				ALWAYS_EMBED_SWIFT_STANDARD_LIBRARIES = YES;
				BUNDLE_LOADER = "$(TEST_HOST)";
				CODE_SIGN_STYLE = Automatic;
				DEVELOPMENT_TEAM = BQ259KN77Z;
				INFOPLIST_FILE = islaTests/Info.plist;
				LD_RUNPATH_SEARCH_PATHS = "$(inherited) @executable_path/Frameworks @loader_path/Frameworks";
				PRODUCT_BUNDLE_IDENTIFIER = com.AlexanderLim.islaTests;
				PRODUCT_NAME = "$(TARGET_NAME)";
				SWIFT_VERSION = 4.0;
				TARGETED_DEVICE_FAMILY = "1,2";
				TEST_HOST = "$(BUILT_PRODUCTS_DIR)/isla.app/isla";
			};
			name = Release;
		};
		D0D58590208170B1004DF5E5 /* Debug */ = {
			isa = XCBuildConfiguration;
			buildSettings = {
				ALWAYS_EMBED_SWIFT_STANDARD_LIBRARIES = YES;
				CODE_SIGN_STYLE = Automatic;
				DEVELOPMENT_TEAM = BQ259KN77Z;
				INFOPLIST_FILE = islaUITests/Info.plist;
				LD_RUNPATH_SEARCH_PATHS = "$(inherited) @executable_path/Frameworks @loader_path/Frameworks";
				PRODUCT_BUNDLE_IDENTIFIER = com.AlexanderLim.islaUITests;
				PRODUCT_NAME = "$(TARGET_NAME)";
				SWIFT_VERSION = 4.0;
				TARGETED_DEVICE_FAMILY = "1,2";
				TEST_TARGET_NAME = isla;
			};
			name = Debug;
		};
		D0D58591208170B1004DF5E5 /* Release */ = {
			isa = XCBuildConfiguration;
			buildSettings = {
				ALWAYS_EMBED_SWIFT_STANDARD_LIBRARIES = YES;
				CODE_SIGN_STYLE = Automatic;
				DEVELOPMENT_TEAM = BQ259KN77Z;
				INFOPLIST_FILE = islaUITests/Info.plist;
				LD_RUNPATH_SEARCH_PATHS = "$(inherited) @executable_path/Frameworks @loader_path/Frameworks";
				PRODUCT_BUNDLE_IDENTIFIER = com.AlexanderLim.islaUITests;
				PRODUCT_NAME = "$(TARGET_NAME)";
				SWIFT_VERSION = 4.0;
				TARGETED_DEVICE_FAMILY = "1,2";
				TEST_TARGET_NAME = isla;
			};
			name = Release;
		};
/* End XCBuildConfiguration section */

/* Begin XCConfigurationList section */
		D0D5855A208170B1004DF5E5 /* Build configuration list for PBXProject "isla" */ = {
			isa = XCConfigurationList;
			buildConfigurations = (
				D0D58587208170B1004DF5E5 /* Debug */,
				D0D58588208170B1004DF5E5 /* Release */,
			);
			defaultConfigurationIsVisible = 0;
			defaultConfigurationName = Release;
		};
		D0D58589208170B1004DF5E5 /* Build configuration list for PBXNativeTarget "isla" */ = {
			isa = XCConfigurationList;
			buildConfigurations = (
				D0D5858A208170B1004DF5E5 /* Debug */,
				D0D5858B208170B1004DF5E5 /* Release */,
			);
			defaultConfigurationIsVisible = 0;
			defaultConfigurationName = Release;
		};
		D0D5858C208170B1004DF5E5 /* Build configuration list for PBXNativeTarget "islaTests" */ = {
			isa = XCConfigurationList;
			buildConfigurations = (
				D0D5858D208170B1004DF5E5 /* Debug */,
				D0D5858E208170B1004DF5E5 /* Release */,
			);
			defaultConfigurationIsVisible = 0;
			defaultConfigurationName = Release;
		};
		D0D5858F208170B1004DF5E5 /* Build configuration list for PBXNativeTarget "islaUITests" */ = {
			isa = XCConfigurationList;
			buildConfigurations = (
				D0D58590208170B1004DF5E5 /* Debug */,
				D0D58591208170B1004DF5E5 /* Release */,
			);
			defaultConfigurationIsVisible = 0;
			defaultConfigurationName = Release;
		};
/* End XCConfigurationList section */
	};
	rootObject = D0D58557208170B1004DF5E5 /* Project object */;
}
